
Microsoft Visual Studio Solution File, Format Version 12.00
# Visual Studio Version 17
VisualStudioVersion = 17.0.31903.59
MinimumVisualStudioVersion = 10.0.40219.1
Project("{FAE04EC0-301F-11D3-BF4B-00C04F79EFBC}") = "Chapter1", "Chapter1\Chapter1.csproj", "{3008D58A-CF77-47AE-91DD-C5FBCFC04DB1}"
EndProject
Project("{FAE04EC0-301F-11D3-BF4B-00C04F79EFBC}") = "Zoo", "Zoo\Zoo.csproj", "{AE6B920A-1F34-4114-97AA-DCBE5A585B4A}"
EndProject
Project("{FAE04EC0-301F-11D3-BF4B-00C04F79EFBC}") = "Proxy", "Proxy\Proxy.csproj", "{A589B92A-9D4F-48E8-B92A-84D1A5B14B76}"
EndProject
Project("{FAE04EC0-301F-11D3-BF4B-00C04F79EFBC}") = "Restaurant", "Restaurant\Restaurant.csproj", "{8F0045B2-0A27-44D4-9C34-A5B1645D285E}"
EndProject
Project("{FAE04EC0-301F-11D3-BF4B-00C04F79EFBC}") = "ArithmeticCalculator", "ArithmeticCalculator\ArithmeticCalculator.csproj", "{98F3FE1B-7C48-4DCF-A67B-A5991BFDB27C}"
EndProject
Global
	GlobalSection(SolutionConfigurationPlatforms) = preSolution
		Debug|Any CPU = Debug|Any CPU
		Debug|x64 = Debug|x64
		Debug|x86 = Debug|x86
		Release|Any CPU = Release|Any CPU
		Release|x64 = Release|x64
		Release|x86 = Release|x86
	EndGlobalSection
	GlobalSection(ProjectConfigurationPlatforms) = postSolution
		{3008D58A-CF77-47AE-91DD-C5FBCFC04DB1}.Debug|Any CPU.ActiveCfg = Debug|Any CPU
		{3008D58A-CF77-47AE-91DD-C5FBCFC04DB1}.Debug|Any CPU.Build.0 = Debug|Any CPU
		{3008D58A-CF77-47AE-91DD-C5FBCFC04DB1}.Debug|x64.ActiveCfg = Debug|Any CPU
		{3008D58A-CF77-47AE-91DD-C5FBCFC04DB1}.Debug|x64.Build.0 = Debug|Any CPU
		{3008D58A-CF77-47AE-91DD-C5FBCFC04DB1}.Debug|x86.ActiveCfg = Debug|Any CPU
		{3008D58A-CF77-47AE-91DD-C5FBCFC04DB1}.Debug|x86.Build.0 = Debug|Any CPU
		{3008D58A-CF77-47AE-91DD-C5FBCFC04DB1}.Release|Any CPU.ActiveCfg = Release|Any CPU
		{3008D58A-CF77-47AE-91DD-C5FBCFC04DB1}.Release|Any CPU.Build.0 = Release|Any CPU
		{3008D58A-CF77-47AE-91DD-C5FBCFC04DB1}.Release|x64.ActiveCfg = Release|Any CPU
		{3008D58A-CF77-47AE-91DD-C5FBCFC04DB1}.Release|x64.Build.0 = Release|Any CPU
		{3008D58A-CF77-47AE-91DD-C5FBCFC04DB1}.Release|x86.ActiveCfg = Release|Any CPU
		{3008D58A-CF77-47AE-91DD-C5FBCFC04DB1}.Release|x86.Build.0 = Release|Any CPU
		{AE6B920A-1F34-4114-97AA-DCBE5A585B4A}.Debug|Any CPU.ActiveCfg = Debug|Any CPU
		{AE6B920A-1F34-4114-97AA-DCBE5A585B4A}.Debug|Any CPU.Build.0 = Debug|Any CPU
		{AE6B920A-1F34-4114-97AA-DCBE5A585B4A}.Debug|x64.ActiveCfg = Debug|Any CPU
		{AE6B920A-1F34-4114-97AA-DCBE5A585B4A}.Debug|x64.Build.0 = Debug|Any CPU
		{AE6B920A-1F34-4114-97AA-DCBE5A585B4A}.Debug|x86.ActiveCfg = Debug|Any CPU
		{AE6B920A-1F34-4114-97AA-DCBE5A585B4A}.Debug|x86.Build.0 = Debug|Any CPU
		{AE6B920A-1F34-4114-97AA-DCBE5A585B4A}.Release|Any CPU.ActiveCfg = Release|Any CPU
		{AE6B920A-1F34-4114-97AA-DCBE5A585B4A}.Release|Any CPU.Build.0 = Release|Any CPU
		{AE6B920A-1F34-4114-97AA-DCBE5A585B4A}.Release|x64.ActiveCfg = Release|Any CPU
		{AE6B920A-1F34-4114-97AA-DCBE5A585B4A}.Release|x64.Build.0 = Release|Any CPU
		{AE6B920A-1F34-4114-97AA-DCBE5A585B4A}.Release|x86.ActiveCfg = Release|Any CPU
		{AE6B920A-1F34-4114-97AA-DCBE5A585B4A}.Release|x86.Build.0 = Release|Any CPU
		{A589B92A-9D4F-48E8-B92A-84D1A5B14B76}.Debug|Any CPU.ActiveCfg = Debug|Any CPU
		{A589B92A-9D4F-48E8-B92A-84D1A5B14B76}.Debug|Any CPU.Build.0 = Debug|Any CPU
		{A589B92A-9D4F-48E8-B92A-84D1A5B14B76}.Debug|x64.ActiveCfg = Debug|Any CPU
		{A589B92A-9D4F-48E8-B92A-84D1A5B14B76}.Debug|x64.Build.0 = Debug|Any CPU
		{A589B92A-9D4F-48E8-B92A-84D1A5B14B76}.Debug|x86.ActiveCfg = Debug|Any CPU
		{A589B92A-9D4F-48E8-B92A-84D1A5B14B76}.Debug|x86.Build.0 = Debug|Any CPU
		{A589B92A-9D4F-48E8-B92A-84D1A5B14B76}.Release|Any CPU.ActiveCfg = Release|Any CPU
		{A589B92A-9D4F-48E8-B92A-84D1A5B14B76}.Release|Any CPU.Build.0 = Release|Any CPU
		{A589B92A-9D4F-48E8-B92A-84D1A5B14B76}.Release|x64.ActiveCfg = Release|Any CPU
		{A589B92A-9D4F-48E8-B92A-84D1A5B14B76}.Release|x64.Build.0 = Release|Any CPU
		{A589B92A-9D4F-48E8-B92A-84D1A5B14B76}.Release|x86.ActiveCfg = Release|Any CPU
		{A589B92A-9D4F-48E8-B92A-84D1A5B14B76}.Release|x86.Build.0 = Release|Any CPU
		{8F0045B2-0A27-44D4-9C34-A5B1645D285E}.Debug|Any CPU.ActiveCfg = Debug|Any CPU
		{8F0045B2-0A27-44D4-9C34-A5B1645D285E}.Debug|Any CPU.Build.0 = Debug|Any CPU
		{8F0045B2-0A27-44D4-9C34-A5B1645D285E}.Debug|x64.ActiveCfg = Debug|Any CPU
		{8F0045B2-0A27-44D4-9C34-A5B1645D285E}.Debug|x64.Build.0 = Debug|Any CPU
		{8F0045B2-0A27-44D4-9C34-A5B1645D285E}.Debug|x86.ActiveCfg = Debug|Any CPU
		{8F0045B2-0A27-44D4-9C34-A5B1645D285E}.Debug|x86.Build.0 = Debug|Any CPU
		{8F0045B2-0A27-44D4-9C34-A5B1645D285E}.Release|Any CPU.ActiveCfg = Release|Any CPU
		{8F0045B2-0A27-44D4-9C34-A5B1645D285E}.Release|Any CPU.Build.0 = Release|Any CPU
		{8F0045B2-0A27-44D4-9C34-A5B1645D285E}.Release|x64.ActiveCfg = Release|Any CPU
		{8F0045B2-0A27-44D4-9C34-A5B1645D285E}.Release|x64.Build.0 = Release|Any CPU
		{8F0045B2-0A27-44D4-9C34-A5B1645D285E}.Release|x86.ActiveCfg = Release|Any CPU
		{8F0045B2-0A27-44D4-9C34-A5B1645D285E}.Release|x86.Build.0 = Release|Any CPU
		{98F3FE1B-7C48-4DCF-A67B-A5991BFDB27C}.Debug|Any CPU.ActiveCfg = Debug|Any CPU
		{98F3FE1B-7C48-4DCF-A67B-A5991BFDB27C}.Debug|Any CPU.Build.0 = Debug|Any CPU
		{98F3FE1B-7C48-4DCF-A67B-A5991BFDB27C}.Debug|x64.ActiveCfg = Debug|Any CPU
		{98F3FE1B-7C48-4DCF-A67B-A5991BFDB27C}.Debug|x64.Build.0 = Debug|Any CPU
		{98F3FE1B-7C48-4DCF-A67B-A5991BFDB27C}.Debug|x86.ActiveCfg = Debug|Any CPU
		{98F3FE1B-7C48-4DCF-A67B-A5991BFDB27C}.Debug|x86.Build.0 = Debug|Any CPU
		{98F3FE1B-7C48-4DCF-A67B-A5991BFDB27C}.Release|Any CPU.ActiveCfg = Release|Any CPU
		{98F3FE1B-7C48-4DCF-A67B-A5991BFDB27C}.Release|Any CPU.Build.0 = Release|Any CPU
		{98F3FE1B-7C48-4DCF-A67B-A5991BFDB27C}.Release|x64.ActiveCfg = Release|Any CPU
		{98F3FE1B-7C48-4DCF-A67B-A5991BFDB27C}.Release|x64.Build.0 = Release|Any CPU
		{98F3FE1B-7C48-4DCF-A67B-A5991BFDB27C}.Release|x86.ActiveCfg = Release|Any CPU
		{98F3FE1B-7C48-4DCF-A67B-A5991BFDB27C}.Release|x86.Build.0 = Release|Any CPU
	EndGlobalSection
	GlobalSection(SolutionProperties) = preSolution
		HideSolutionNode = FALSE
	EndGlobalSection
EndGlobal
